// !$*UTF8*$!
{
	archiveVersion = 1;
	classes = {
	};
	objectVersion = 56;
	objects = {

/* Begin PBXBuildFile section */
		5101DB2D2AE03B7F00500802 /* PostTableViewCell.swift in Sources */ = {isa = PBXBuildFile; fileRef = 5101DB2C2AE03B7F00500802 /* PostTableViewCell.swift */; };
		512220B72AC95D7000CDCD66 /* Post.swift in Sources */ = {isa = PBXBuildFile; fileRef = 512220B62AC95D7000CDCD66 /* Post.swift */; };
		512220B92AC95E5E00CDCD66 /* PostViewController.swift in Sources */ = {isa = PBXBuildFile; fileRef = 512220B82AC95E5E00CDCD66 /* PostViewController.swift */; };
		512220BB2AC96AC400CDCD66 /* InfoViewController.swift in Sources */ = {isa = PBXBuildFile; fileRef = 512220BA2AC96AC400CDCD66 /* InfoViewController.swift */; };
		512220BE2ACBD32700CDCD66 /* ProfileHeaderView.swift in Sources */ = {isa = PBXBuildFile; fileRef = 512220BD2ACBD32700CDCD66 /* ProfileHeaderView.swift */; };
		516AF8C02AD5417B00AE1597 /* UIViewExtension.swift in Sources */ = {isa = PBXBuildFile; fileRef = 516AF8BF2AD5417B00AE1597 /* UIViewExtension.swift */; };
		518F344C2AE828F9006EA7E8 /* PhotosTableViewCell.swift in Sources */ = {isa = PBXBuildFile; fileRef = 518F344B2AE828F9006EA7E8 /* PhotosTableViewCell.swift */; };
		518F344E2AE82A66006EA7E8 /* PhotosViewController.swift in Sources */ = {isa = PBXBuildFile; fileRef = 518F344D2AE82A66006EA7E8 /* PhotosViewController.swift */; };
		518F34502AE82ABE006EA7E8 /* PhotosCollectionViewCell.swift in Sources */ = {isa = PBXBuildFile; fileRef = 518F344F2AE82ABE006EA7E8 /* PhotosCollectionViewCell.swift */; };
		51B05CC42AC2BCAF00AF91DC /* AppDelegate.swift in Sources */ = {isa = PBXBuildFile; fileRef = 51B05CC32AC2BCAF00AF91DC /* AppDelegate.swift */; };
		51B05CC62AC2BCAF00AF91DC /* SceneDelegate.swift in Sources */ = {isa = PBXBuildFile; fileRef = 51B05CC52AC2BCAF00AF91DC /* SceneDelegate.swift */; };
		51B05CC82AC2BCAF00AF91DC /* ViewController.swift in Sources */ = {isa = PBXBuildFile; fileRef = 51B05CC72AC2BCAF00AF91DC /* ViewController.swift */; };
		51B05CCD2AC2BCB000AF91DC /* Assets.xcassets in Resources */ = {isa = PBXBuildFile; fileRef = 51B05CCC2AC2BCB000AF91DC /* Assets.xcassets */; };
		51B05CD02AC2BCB000AF91DC /* LaunchScreen.storyboard in Resources */ = {isa = PBXBuildFile; fileRef = 51B05CCE2AC2BCB000AF91DC /* LaunchScreen.storyboard */; };
		51B05CD82AC2C43200AF91DC /* FeedViewController.swift in Sources */ = {isa = PBXBuildFile; fileRef = 51B05CD72AC2C43200AF91DC /* FeedViewController.swift */; };
		51B05CDA2AC2C58C00AF91DC /* ProfileViewController.swift in Sources */ = {isa = PBXBuildFile; fileRef = 51B05CD92AC2C58C00AF91DC /* ProfileViewController.swift */; };
		51CEEC632ADAED760036F2B2 /* LogInViewController.swift in Sources */ = {isa = PBXBuildFile; fileRef = 51CEEC622ADAED760036F2B2 /* LogInViewController.swift */; };
/* End PBXBuildFile section */

/* Begin PBXFileReference section */
		5101DB2C2AE03B7F00500802 /* PostTableViewCell.swift */ = {isa = PBXFileReference; lastKnownFileType = sourcecode.swift; path = PostTableViewCell.swift; sourceTree = "<group>"; };
		512220B62AC95D7000CDCD66 /* Post.swift */ = {isa = PBXFileReference; lastKnownFileType = sourcecode.swift; path = Post.swift; sourceTree = "<group>"; };
		512220B82AC95E5E00CDCD66 /* PostViewController.swift */ = {isa = PBXFileReference; lastKnownFileType = sourcecode.swift; path = PostViewController.swift; sourceTree = "<group>"; };
		512220BA2AC96AC400CDCD66 /* InfoViewController.swift */ = {isa = PBXFileReference; lastKnownFileType = sourcecode.swift; path = InfoViewController.swift; sourceTree = "<group>"; };
		512220BD2ACBD32700CDCD66 /* ProfileHeaderView.swift */ = {isa = PBXFileReference; lastKnownFileType = sourcecode.swift; path = ProfileHeaderView.swift; sourceTree = "<group>"; };
		516AF8BF2AD5417B00AE1597 /* UIViewExtension.swift */ = {isa = PBXFileReference; lastKnownFileType = sourcecode.swift; path = UIViewExtension.swift; sourceTree = "<group>"; };
		518F344B2AE828F9006EA7E8 /* PhotosTableViewCell.swift */ = {isa = PBXFileReference; lastKnownFileType = sourcecode.swift; path = PhotosTableViewCell.swift; sourceTree = "<group>"; };
		518F344D2AE82A66006EA7E8 /* PhotosViewController.swift */ = {isa = PBXFileReference; lastKnownFileType = sourcecode.swift; path = PhotosViewController.swift; sourceTree = "<group>"; };
		518F344F2AE82ABE006EA7E8 /* PhotosCollectionViewCell.swift */ = {isa = PBXFileReference; lastKnownFileType = sourcecode.swift; path = PhotosCollectionViewCell.swift; sourceTree = "<group>"; };
		51B05CC02AC2BCAF00AF91DC /* BlinoviOS-39_Navigation_0.app */ = {isa = PBXFileReference; explicitFileType = wrapper.application; includeInIndex = 0; path = "BlinoviOS-39_Navigation_0.app"; sourceTree = BUILT_PRODUCTS_DIR; };
		51B05CC32AC2BCAF00AF91DC /* AppDelegate.swift */ = {isa = PBXFileReference; lastKnownFileType = sourcecode.swift; path = AppDelegate.swift; sourceTree = "<group>"; };
		51B05CC52AC2BCAF00AF91DC /* SceneDelegate.swift */ = {isa = PBXFileReference; lastKnownFileType = sourcecode.swift; path = SceneDelegate.swift; sourceTree = "<group>"; };
		51B05CC72AC2BCAF00AF91DC /* ViewController.swift */ = {isa = PBXFileReference; lastKnownFileType = sourcecode.swift; path = ViewController.swift; sourceTree = "<group>"; };
		51B05CCC2AC2BCB000AF91DC /* Assets.xcassets */ = {isa = PBXFileReference; lastKnownFileType = folder.assetcatalog; path = Assets.xcassets; sourceTree = "<group>"; };
		51B05CCF2AC2BCB000AF91DC /* Base */ = {isa = PBXFileReference; lastKnownFileType = file.storyboard; name = Base; path = Base.lproj/LaunchScreen.storyboard; sourceTree = "<group>"; };
		51B05CD12AC2BCB000AF91DC /* Info.plist */ = {isa = PBXFileReference; lastKnownFileType = text.plist.xml; path = Info.plist; sourceTree = "<group>"; };
		51B05CD72AC2C43200AF91DC /* FeedViewController.swift */ = {isa = PBXFileReference; lastKnownFileType = sourcecode.swift; path = FeedViewController.swift; sourceTree = "<group>"; };
		51B05CD92AC2C58C00AF91DC /* ProfileViewController.swift */ = {isa = PBXFileReference; lastKnownFileType = sourcecode.swift; path = ProfileViewController.swift; sourceTree = "<group>"; };
		51CEEC622ADAED760036F2B2 /* LogInViewController.swift */ = {isa = PBXFileReference; lastKnownFileType = sourcecode.swift; path = LogInViewController.swift; sourceTree = "<group>"; };
/* End PBXFileReference section */

/* Begin PBXFrameworksBuildPhase section */
		51B05CBD2AC2BCAF00AF91DC /* Frameworks */ = {
			isa = PBXFrameworksBuildPhase;
			buildActionMask = 2147483647;
			files = (
			);
			runOnlyForDeploymentPostprocessing = 0;
		};
/* End PBXFrameworksBuildPhase section */

/* Begin PBXGroup section */
		5101DB2B2AE031A300500802 /* PostGroup */ = {
			isa = PBXGroup;
			children = (
				512220B82AC95E5E00CDCD66 /* PostViewController.swift */,
				512220B62AC95D7000CDCD66 /* Post.swift */,
				5101DB2C2AE03B7F00500802 /* PostTableViewCell.swift */,
			);
			path = PostGroup;
			sourceTree = "<group>";
		};
		512220BC2ACBD2E800CDCD66 /* Profile */ = {
			isa = PBXGroup;
			children = (
				512220BD2ACBD32700CDCD66 /* ProfileHeaderView.swift */,
				51B05CD92AC2C58C00AF91DC /* ProfileViewController.swift */,
				51CEEC622ADAED760036F2B2 /* LogInViewController.swift */,
			);
			path = Profile;
			sourceTree = "<group>";
		};
		518F344A2AE828B5006EA7E8 /* Photos */ = {
			isa = PBXGroup;
			children = (
				518F344B2AE828F9006EA7E8 /* PhotosTableViewCell.swift */,
				518F344D2AE82A66006EA7E8 /* PhotosViewController.swift */,
				518F344F2AE82ABE006EA7E8 /* PhotosCollectionViewCell.swift */,
			);
			path = Photos;
			sourceTree = "<group>";
		};
		51B05CB72AC2BCAF00AF91DC = {
			isa = PBXGroup;
			children = (
				51B05CC22AC2BCAF00AF91DC /* BlinoviOS-39_Navigation_0 */,
				51B05CC12AC2BCAF00AF91DC /* Products */,
			);
			sourceTree = "<group>";
		};
		51B05CC12AC2BCAF00AF91DC /* Products */ = {
			isa = PBXGroup;
			children = (
				51B05CC02AC2BCAF00AF91DC /* BlinoviOS-39_Navigation_0.app */,
			);
			name = Products;
			sourceTree = "<group>";
		};
		51B05CC22AC2BCAF00AF91DC /* BlinoviOS-39_Navigation_0 */ = {
			isa = PBXGroup;
			children = (
				51B05CC52AC2BCAF00AF91DC /* SceneDelegate.swift */,
				51B05CC32AC2BCAF00AF91DC /* AppDelegate.swift */,
				51B05CC72AC2BCAF00AF91DC /* ViewController.swift */,
				51B05CD72AC2C43200AF91DC /* FeedViewController.swift */,
				51B05CCC2AC2BCB000AF91DC /* Assets.xcassets */,
				51B05CCE2AC2BCB000AF91DC /* LaunchScreen.storyboard */,
				51B05CD12AC2BCB000AF91DC /* Info.plist */,
				518F344A2AE828B5006EA7E8 /* Photos */,
				5101DB2B2AE031A300500802 /* PostGroup */,
				512220BA2AC96AC400CDCD66 /* InfoViewController.swift */,
				512220BC2ACBD2E800CDCD66 /* Profile */,
				516AF8BF2AD5417B00AE1597 /* UIViewExtension.swift */,
			);
			path = "BlinoviOS-39_Navigation_0";
			sourceTree = "<group>";
		};
/* End PBXGroup section */

/* Begin PBXNativeTarget section */
		51B05CBF2AC2BCAF00AF91DC /* BlinoviOS-39_Navigation_0 */ = {
			isa = PBXNativeTarget;
			buildConfigurationList = 51B05CD42AC2BCB000AF91DC /* Build configuration list for PBXNativeTarget "BlinoviOS-39_Navigation_0" */;
			buildPhases = (
				51B05CBC2AC2BCAF00AF91DC /* Sources */,
				51B05CBD2AC2BCAF00AF91DC /* Frameworks */,
				51B05CBE2AC2BCAF00AF91DC /* Resources */,
			);
			buildRules = (
			);
			dependencies = (
			);
			name = "BlinoviOS-39_Navigation_0";
			productName = "BlinoviOS-39_Navigation_0";
			productReference = 51B05CC02AC2BCAF00AF91DC /* BlinoviOS-39_Navigation_0.app */;
			productType = "com.apple.product-type.application";
		};
/* End PBXNativeTarget section */

/* Begin PBXProject section */
		51B05CB82AC2BCAF00AF91DC /* Project object */ = {
			isa = PBXProject;
			attributes = {
				BuildIndependentTargetsInParallel = 1;
				LastSwiftUpdateCheck = 1420;
				LastUpgradeCheck = 1500;
				TargetAttributes = {
					51B05CBF2AC2BCAF00AF91DC = {
						CreatedOnToolsVersion = 14.2;
					};
				};
			};
			buildConfigurationList = 51B05CBB2AC2BCAF00AF91DC /* Build configuration list for PBXProject "BlinoviOS-39_Navigation_0" */;
			compatibilityVersion = "Xcode 14.0";
			developmentRegion = en;
			hasScannedForEncodings = 0;
			knownRegions = (
				en,
				Base,
			);
			mainGroup = 51B05CB72AC2BCAF00AF91DC;
			productRefGroup = 51B05CC12AC2BCAF00AF91DC /* Products */;
			projectDirPath = "";
			projectRoot = "";
			targets = (
				51B05CBF2AC2BCAF00AF91DC /* BlinoviOS-39_Navigation_0 */,
			);
		};
/* End PBXProject section */

/* Begin PBXResourcesBuildPhase section */
		51B05CBE2AC2BCAF00AF91DC /* Resources */ = {
			isa = PBXResourcesBuildPhase;
			buildActionMask = 2147483647;
			files = (
				51B05CD02AC2BCB000AF91DC /* LaunchScreen.storyboard in Resources */,
				51B05CCD2AC2BCB000AF91DC /* Assets.xcassets in Resources */,
			);
			runOnlyForDeploymentPostprocessing = 0;
		};
/* End PBXResourcesBuildPhase section */

/* Begin PBXSourcesBuildPhase section */
		51B05CBC2AC2BCAF00AF91DC /* Sources */ = {
			isa = PBXSourcesBuildPhase;
			buildActionMask = 2147483647;
			files = (
				516AF8C02AD5417B00AE1597 /* UIViewExtension.swift in Sources */,
				51B05CC82AC2BCAF00AF91DC /* ViewController.swift in Sources */,
				51CEEC632ADAED760036F2B2 /* LogInViewController.swift in Sources */,
				51B05CC42AC2BCAF00AF91DC /* AppDelegate.swift in Sources */,
				512220B92AC95E5E00CDCD66 /* PostViewController.swift in Sources */,
				51B05CDA2AC2C58C00AF91DC /* ProfileViewController.swift in Sources */,
				512220BE2ACBD32700CDCD66 /* ProfileHeaderView.swift in Sources */,
				512220B72AC95D7000CDCD66 /* Post.swift in Sources */,
				51B05CD82AC2C43200AF91DC /* FeedViewController.swift in Sources */,
				518F344C2AE828F9006EA7E8 /* PhotosTableViewCell.swift in Sources */,
				512220BB2AC96AC400CDCD66 /* InfoViewController.swift in Sources */,
				518F34502AE82ABE006EA7E8 /* PhotosCollectionViewCell.swift in Sources */,
				518F344E2AE82A66006EA7E8 /* PhotosViewController.swift in Sources */,
				51B05CC62AC2BCAF00AF91DC /* SceneDelegate.swift in Sources */,
				5101DB2D2AE03B7F00500802 /* PostTableViewCell.swift in Sources */,
			);
			runOnlyForDeploymentPostprocessing = 0;
		};
/* End PBXSourcesBuildPhase section */

/* Begin PBXVariantGroup section */
		51B05CCE2AC2BCB000AF91DC /* LaunchScreen.storyboard */ = {
			isa = PBXVariantGroup;
			children = (
				51B05CCF2AC2BCB000AF91DC /* Base */,
			);
			name = LaunchScreen.storyboard;
			sourceTree = "<group>";
		};
/* End PBXVariantGroup section */

/* Begin XCBuildConfiguration section */
		51B05CD22AC2BCB000AF91DC /* Debug */ = {
			isa = XCBuildConfiguration;
			buildSettings = {
				ALWAYS_SEARCH_USER_PATHS = NO;
				CLANG_ANALYZER_NONNULL = YES;
				CLANG_ANALYZER_NUMBER_OBJECT_CONVERSION = YES_AGGRESSIVE;
				CLANG_CXX_LANGUAGE_STANDARD = "gnu++20";
				CLANG_ENABLE_MODULES = YES;
				CLANG_ENABLE_OBJC_ARC = YES;
				CLANG_ENABLE_OBJC_WEAK = YES;
				CLANG_WARN_BLOCK_CAPTURE_AUTORELEASING = YES;
				CLANG_WARN_BOOL_CONVERSION = YES;
				CLANG_WARN_COMMA = YES;
				CLANG_WARN_CONSTANT_CONVERSION = YES;
				CLANG_WARN_DEPRECATED_OBJC_IMPLEMENTATIONS = YES;
				CLANG_WARN_DIRECT_OBJC_ISA_USAGE = YES_ERROR;
				CLANG_WARN_DOCUMENTATION_COMMENTS = YES;
				CLANG_WARN_EMPTY_BODY = YES;
				CLANG_WARN_ENUM_CONVERSION = YES;
				CLANG_WARN_INFINITE_RECURSION = YES;
				CLANG_WARN_INT_CONVERSION = YES;
				CLANG_WARN_NON_LITERAL_NULL_CONVERSION = YES;
				CLANG_WARN_OBJC_IMPLICIT_RETAIN_SELF = YES;
				CLANG_WARN_OBJC_LITERAL_CONVERSION = YES;
				CLANG_WARN_OBJC_ROOT_CLASS = YES_ERROR;
				CLANG_WARN_QUOTED_INCLUDE_IN_FRAMEWORK_HEADER = YES;
				CLANG_WARN_RANGE_LOOP_ANALYSIS = YES;
				CLANG_WARN_STRICT_PROTOTYPES = YES;
				CLANG_WARN_SUSPICIOUS_MOVE = YES;
				CLANG_WARN_UNGUARDED_AVAILABILITY = YES_AGGRESSIVE;
				CLANG_WARN_UNREACHABLE_CODE = YES;
				CLANG_WARN__DUPLICATE_METHOD_MATCH = YES;
				COPY_PHASE_STRIP = NO;
				DEBUG_INFORMATION_FORMAT = dwarf;
				ENABLE_STRICT_OBJC_MSGSEND = YES;
				ENABLE_TESTABILITY = YES;
				ENABLE_USER_SCRIPT_SANDBOXING = YES;
				GCC_C_LANGUAGE_STANDARD = gnu11;
				GCC_DYNAMIC_NO_PIC = NO;
				GCC_NO_COMMON_BLOCKS = YES;
				GCC_OPTIMIZATION_LEVEL = 0;
				GCC_PREPROCESSOR_DEFINITIONS = (
					"DEBUG=1",
					"$(inherited)",
				);
				GCC_WARN_64_TO_32_BIT_CONVERSION = YES;
				GCC_WARN_ABOUT_RETURN_TYPE = YES_ERROR;
				GCC_WARN_UNDECLARED_SELECTOR = YES;
				GCC_WARN_UNINITIALIZED_AUTOS = YES_AGGRESSIVE;
				GCC_WARN_UNUSED_FUNCTION = YES;
				GCC_WARN_UNUSED_VARIABLE = YES;
				IPHONEOS_DEPLOYMENT_TARGET = 16.2;
				MTL_ENABLE_DEBUG_INFO = INCLUDE_SOURCE;
				MTL_FAST_MATH = YES;
				ONLY_ACTIVE_ARCH = YES;
				SDKROOT = iphoneos;
				SWIFT_ACTIVE_COMPILATION_CONDITIONS = DEBUG;
				SWIFT_OPTIMIZATION_LEVEL = "-Onone";
			};
			name = Debug;
		};
		51B05CD32AC2BCB000AF91DC /* Release */ = {
			isa = XCBuildConfiguration;
			buildSettings = {
				ALWAYS_SEARCH_USER_PATHS = NO;
				CLANG_ANALYZER_NONNULL = YES;
				CLANG_ANALYZER_NUMBER_OBJECT_CONVERSION = YES_AGGRESSIVE;
				CLANG_CXX_LANGUAGE_STANDARD = "gnu++20";
				CLANG_ENABLE_MODULES = YES;
				CLANG_ENABLE_OBJC_ARC = YES;
				CLANG_ENABLE_OBJC_WEAK = YES;
				CLANG_WARN_BLOCK_CAPTURE_AUTORELEASING = YES;
				CLANG_WARN_BOOL_CONVERSION = YES;
				CLANG_WARN_COMMA = YES;
				CLANG_WARN_CONSTANT_CONVERSION = YES;
				CLANG_WARN_DEPRECATED_OBJC_IMPLEMENTATIONS = YES;
				CLANG_WARN_DIRECT_OBJC_ISA_USAGE = YES_ERROR;
				CLANG_WARN_DOCUMENTATION_COMMENTS = YES;
				CLANG_WARN_EMPTY_BODY = YES;
				CLANG_WARN_ENUM_CONVERSION = YES;
				CLANG_WARN_INFINITE_RECURSION = YES;
				CLANG_WARN_INT_CONVERSION = YES;
				CLANG_WARN_NON_LITERAL_NULL_CONVERSION = YES;
				CLANG_WARN_OBJC_IMPLICIT_RETAIN_SELF = YES;
				CLANG_WARN_OBJC_LITERAL_CONVERSION = YES;
				CLANG_WARN_OBJC_ROOT_CLASS = YES_ERROR;
				CLANG_WARN_QUOTED_INCLUDE_IN_FRAMEWORK_HEADER = YES;
				CLANG_WARN_RANGE_LOOP_ANALYSIS = YES;
				CLANG_WARN_STRICT_PROTOTYPES = YES;
				CLANG_WARN_SUSPICIOUS_MOVE = YES;
				CLANG_WARN_UNGUARDED_AVAILABILITY = YES_AGGRESSIVE;
				CLANG_WARN_UNREACHABLE_CODE = YES;
				CLANG_WARN__DUPLICATE_METHOD_MATCH = YES;
				COPY_PHASE_STRIP = NO;
				DEBUG_INFORMATION_FORMAT = "dwarf-with-dsym";
				ENABLE_NS_ASSERTIONS = NO;
				ENABLE_STRICT_OBJC_MSGSEND = YES;
				ENABLE_USER_SCRIPT_SANDBOXING = YES;
				GCC_C_LANGUAGE_STANDARD = gnu11;
				GCC_NO_COMMON_BLOCKS = YES;
				GCC_WARN_64_TO_32_BIT_CONVERSION = YES;
				GCC_WARN_ABOUT_RETURN_TYPE = YES_ERROR;
				GCC_WARN_UNDECLARED_SELECTOR = YES;
				GCC_WARN_UNINITIALIZED_AUTOS = YES_AGGRESSIVE;
				GCC_WARN_UNUSED_FUNCTION = YES;
				GCC_WARN_UNUSED_VARIABLE = YES;
				IPHONEOS_DEPLOYMENT_TARGET = 16.2;
				MTL_ENABLE_DEBUG_INFO = NO;
				MTL_FAST_MATH = YES;
				SDKROOT = iphoneos;
				SWIFT_COMPILATION_MODE = wholemodule;
				SWIFT_OPTIMIZATION_LEVEL = "-O";
				VALIDATE_PRODUCT = YES;
			};
			name = Release;
		};
		51B05CD52AC2BCB000AF91DC /* Debug */ = {
			isa = XCBuildConfiguration;
			buildSettings = {
				ASSETCATALOG_COMPILER_APPICON_NAME = AppIcon;
				ASSETCATALOG_COMPILER_GLOBAL_ACCENT_COLOR_NAME = AccentColor;
				CODE_SIGN_STYLE = Automatic;
				CURRENT_PROJECT_VERSION = 1;
				DEVELOPMENT_TEAM = L24ACGSC43;
				GENERATE_INFOPLIST_FILE = YES;
				INFOPLIST_FILE = "BlinoviOS-39_Navigation_0/Info.plist";
				INFOPLIST_KEY_UIApplicationSupportsIndirectInputEvents = YES;
				INFOPLIST_KEY_UILaunchStoryboardName = LaunchScreen;
				INFOPLIST_KEY_UISupportedInterfaceOrientations_iPad = "UIInterfaceOrientationPortrait UIInterfaceOrientationPortraitUpsideDown UIInterfaceOrientationLandscapeLeft UIInterfaceOrientationLandscapeRight";
				INFOPLIST_KEY_UISupportedInterfaceOrientations_iPhone = "UIInterfaceOrientationPortrait UIInterfaceOrientationLandscapeLeft UIInterfaceOrientationLandscapeRight";
				IPHONEOS_DEPLOYMENT_TARGET = 16.2;
				LD_RUNPATH_SEARCH_PATHS = (
					"$(inherited)",
					"@executable_path/Frameworks",
				);
				MARKETING_VERSION = 1.0;
				PRODUCT_BUNDLE_IDENTIFIER = "ecorp.red.BlinoviOS-39-Navigation-0";
				PRODUCT_NAME = "$(TARGET_NAME)";
				SWIFT_EMIT_LOC_STRINGS = YES;
				SWIFT_VERSION = 5.0;
				TARGETED_DEVICE_FAMILY = "1,2";
			};
			name = Debug;
		};
		51B05CD62AC2BCB000AF91DC /* Release */ = {
			isa = XCBuildConfiguration;
			buildSettings = {
				ASSETCATALOG_COMPILER_APPICON_NAME = AppIcon;
				ASSETCATALOG_COMPILER_GLOBAL_ACCENT_COLOR_NAME = AccentColor;
				CODE_SIGN_STYLE = Automatic;
				CURRENT_PROJECT_VERSION = 1;
				DEVELOPMENT_TEAM = L24ACGSC43;
				GENERATE_INFOPLIST_FILE = YES;
				INFOPLIST_FILE = "BlinoviOS-39_Navigation_0/Info.plist";
				INFOPLIST_KEY_UIApplicationSupportsIndirectInputEvents = YES;
				INFOPLIST_KEY_UILaunchStoryboardName = LaunchScreen;
				INFOPLIST_KEY_UISupportedInterfaceOrientations_iPad = "UIInterfaceOrientationPortrait UIInterfaceOrientationPortraitUpsideDown UIInterfaceOrientationLandscapeLeft UIInterfaceOrientationLandscapeRight";
				INFOPLIST_KEY_UISupportedInterfaceOrientations_iPhone = "UIInterfaceOrientationPortrait UIInterfaceOrientationLandscapeLeft UIInterfaceOrientationLandscapeRight";
				IPHONEOS_DEPLOYMENT_TARGET = 16.2;
				LD_RUNPATH_SEARCH_PATHS = (
					"$(inherited)",
					"@executable_path/Frameworks",
				);
				MARKETING_VERSION = 1.0;
				PRODUCT_BUNDLE_IDENTIFIER = "ecorp.red.BlinoviOS-39-Navigation-0";
				PRODUCT_NAME = "$(TARGET_NAME)";
				SWIFT_EMIT_LOC_STRINGS = YES;
				SWIFT_VERSION = 5.0;
				TARGETED_DEVICE_FAMILY = "1,2";
			};
			name = Release;
		};
/* End XCBuildConfiguration section */

/* Begin XCConfigurationList section */
		51B05CBB2AC2BCAF00AF91DC /* Build configuration list for PBXProject "BlinoviOS-39_Navigation_0" */ = {
			isa = XCConfigurationList;
			buildConfigurations = (
				51B05CD22AC2BCB000AF91DC /* Debug */,
				51B05CD32AC2BCB000AF91DC /* Release */,
			);
			defaultConfigurationIsVisible = 0;
			defaultConfigurationName = Release;
		};
		51B05CD42AC2BCB000AF91DC /* Build configuration list for PBXNativeTarget "BlinoviOS-39_Navigation_0" */ = {
			isa = XCConfigurationList;
			buildConfigurations = (
				51B05CD52AC2BCB000AF91DC /* Debug */,
				51B05CD62AC2BCB000AF91DC /* Release */,
			);
			defaultConfigurationIsVisible = 0;
			defaultConfigurationName = Release;
		};
/* End XCConfigurationList section */
	};
	rootObject = 51B05CB82AC2BCAF00AF91DC /* Project object */;
}
