// !$*UTF8*$!
{
	archiveVersion = 1;
	classes = {
	};
	objectVersion = 56;
	objects = {

/* Begin PBXBuildFile section */
		5101DB2D2AE03B7F00500802 /* PostTableViewCell.swift in Sources */ = {isa = PBXBuildFile; fileRef = 5101DB2C2AE03B7F00500802 /* PostTableViewCell.swift */; };
		5112B6422B1FA151002A7F1F /* iOSIntPackage in Frameworks */ = {isa = PBXBuildFile; productRef = 5112B6412B1FA151002A7F1F /* iOSIntPackage */; };
		5116E5A32B8672AF00548C72 /* FavoriteView.swift in Sources */ = {isa = PBXBuildFile; fileRef = 5116E5A22B8672AF00548C72 /* FavoriteView.swift */; };
		5116E5A72B87A32000548C72 /* CoreDataService.swift in Sources */ = {isa = PBXBuildFile; fileRef = 5116E5A62B87A32000548C72 /* CoreDataService.swift */; };
		5116E5A92B87B4DC00548C72 /* FavoriteCoordinator.swift in Sources */ = {isa = PBXBuildFile; fileRef = 5116E5A82B87B4DC00548C72 /* FavoriteCoordinator.swift */; };
		5116E5AB2B87B71800548C72 /* FavoriteCDservice.swift in Sources */ = {isa = PBXBuildFile; fileRef = 5116E5AA2B87B71800548C72 /* FavoriteCDservice.swift */; };
		5116E5AE2B8891C600548C72 /* FavoritePostModel.xcdatamodeld in Sources */ = {isa = PBXBuildFile; fileRef = 5116E5AC2B8891C600548C72 /* FavoritePostModel.xcdatamodeld */; };
		5121B0042B28CDC500E0E849 /* FeedViewModel.swift in Sources */ = {isa = PBXBuildFile; fileRef = 5121B0032B28CDC500E0E849 /* FeedViewModel.swift */; };
		5121B0062B28CE0700E0E849 /* FeedVMProtocol.swift in Sources */ = {isa = PBXBuildFile; fileRef = 5121B0052B28CE0700E0E849 /* FeedVMProtocol.swift */; };
		5121B0342B2F1D6600E0E849 /* BaseCoordinator.swift in Sources */ = {isa = PBXBuildFile; fileRef = 5121B0332B2F1D6600E0E849 /* BaseCoordinator.swift */; };
		5121B0362B2F262600E0E849 /* MainCoordinator.swift in Sources */ = {isa = PBXBuildFile; fileRef = 5121B0352B2F262600E0E849 /* MainCoordinator.swift */; };
		5121B0382B2F317E00E0E849 /* FeedCoordinator.swift in Sources */ = {isa = PBXBuildFile; fileRef = 5121B0372B2F317E00E0E849 /* FeedCoordinator.swift */; };
		5121B03A2B2F3A7100E0E849 /* ProfileCoordinator.swift in Sources */ = {isa = PBXBuildFile; fileRef = 5121B0392B2F3A7100E0E849 /* ProfileCoordinator.swift */; };
		512220B92AC95E5E00CDCD66 /* PostViewController.swift in Sources */ = {isa = PBXBuildFile; fileRef = 512220B82AC95E5E00CDCD66 /* PostViewController.swift */; };
		512220BB2AC96AC400CDCD66 /* InfoViewController.swift in Sources */ = {isa = PBXBuildFile; fileRef = 512220BA2AC96AC400CDCD66 /* InfoViewController.swift */; };
		512220BE2ACBD32700CDCD66 /* ProfileHeaderView.swift in Sources */ = {isa = PBXBuildFile; fileRef = 512220BD2ACBD32700CDCD66 /* ProfileHeaderView.swift */; };
		513A742F2B1C7DB000E82279 /* Checker.swift in Sources */ = {isa = PBXBuildFile; fileRef = 513A742E2B1C7DB000E82279 /* Checker.swift */; };
		513A74312B1C87FC00E82279 /* LoginInspector.swift in Sources */ = {isa = PBXBuildFile; fileRef = 513A74302B1C87FC00E82279 /* LoginInspector.swift */; };
		513A74332B1C8ED500E82279 /* LoginFactory.swift in Sources */ = {isa = PBXBuildFile; fileRef = 513A74322B1C8ED500E82279 /* LoginFactory.swift */; };
		515390842B4EE29200DC00E2 /* NetworkService.swift in Sources */ = {isa = PBXBuildFile; fileRef = 515390832B4EE29200DC00E2 /* NetworkService.swift */; };
		51654F792B2454A30038D9A6 /* CustomButton.swift in Sources */ = {isa = PBXBuildFile; fileRef = 51654F782B2454A30038D9A6 /* CustomButton.swift */; };
		51654F7C2B2463480038D9A6 /* FeedModel.swift in Sources */ = {isa = PBXBuildFile; fileRef = 51654F7B2B2463480038D9A6 /* FeedModel.swift */; };
		516AF8C02AD5417B00AE1597 /* UIViewExtension.swift in Sources */ = {isa = PBXBuildFile; fileRef = 516AF8BF2AD5417B00AE1597 /* UIViewExtension.swift */; };
		518F344C2AE828F9006EA7E8 /* PhotosTableViewCell.swift in Sources */ = {isa = PBXBuildFile; fileRef = 518F344B2AE828F9006EA7E8 /* PhotosTableViewCell.swift */; };
		518F344E2AE82A66006EA7E8 /* PhotosViewController.swift in Sources */ = {isa = PBXBuildFile; fileRef = 518F344D2AE82A66006EA7E8 /* PhotosViewController.swift */; };
		518F34502AE82ABE006EA7E8 /* PhotosCollectionViewCell.swift in Sources */ = {isa = PBXBuildFile; fileRef = 518F344F2AE82ABE006EA7E8 /* PhotosCollectionViewCell.swift */; };
		519C27792B0D15C300E1B3AC /* StorageService.docc in Sources */ = {isa = PBXBuildFile; fileRef = 519C27782B0D15C200E1B3AC /* StorageService.docc */; };
		519C277F2B0D15C300E1B3AC /* StorageService.framework in Frameworks */ = {isa = PBXBuildFile; fileRef = 519C27752B0D15C200E1B3AC /* StorageService.framework */; };
		519C27862B0D15C300E1B3AC /* StorageServiceTests.swift in Sources */ = {isa = PBXBuildFile; fileRef = 519C27852B0D15C300E1B3AC /* StorageServiceTests.swift */; };
		519C27872B0D15C300E1B3AC /* StorageService.h in Headers */ = {isa = PBXBuildFile; fileRef = 519C27772B0D15C200E1B3AC /* StorageService.h */; settings = {ATTRIBUTES = (Public, ); }; };
		519C27932B0D15D400E1B3AC /* Post.swift in Sources */ = {isa = PBXBuildFile; fileRef = 512220B62AC95D7000CDCD66 /* Post.swift */; };
		519C27982B0D16A000E1B3AC /* StorageService.framework in Frameworks */ = {isa = PBXBuildFile; fileRef = 519C27752B0D15C200E1B3AC /* StorageService.framework */; };
		519C27992B0D16A000E1B3AC /* StorageService.framework in Embed Frameworks */ = {isa = PBXBuildFile; fileRef = 519C27752B0D15C200E1B3AC /* StorageService.framework */; settings = {ATTRIBUTES = (CodeSignOnCopy, RemoveHeadersOnCopy, ); }; };
		51B05CC42AC2BCAF00AF91DC /* AppDelegate.swift in Sources */ = {isa = PBXBuildFile; fileRef = 51B05CC32AC2BCAF00AF91DC /* AppDelegate.swift */; };
		51B05CC62AC2BCAF00AF91DC /* SceneDelegate.swift in Sources */ = {isa = PBXBuildFile; fileRef = 51B05CC52AC2BCAF00AF91DC /* SceneDelegate.swift */; };
		51B05CC82AC2BCAF00AF91DC /* ViewController.swift in Sources */ = {isa = PBXBuildFile; fileRef = 51B05CC72AC2BCAF00AF91DC /* ViewController.swift */; };
		51B05CCD2AC2BCB000AF91DC /* Assets.xcassets in Resources */ = {isa = PBXBuildFile; fileRef = 51B05CCC2AC2BCB000AF91DC /* Assets.xcassets */; };
		51B05CD02AC2BCB000AF91DC /* LaunchScreen.storyboard in Resources */ = {isa = PBXBuildFile; fileRef = 51B05CCE2AC2BCB000AF91DC /* LaunchScreen.storyboard */; };
		51B05CD82AC2C43200AF91DC /* FeedViewController.swift in Sources */ = {isa = PBXBuildFile; fileRef = 51B05CD72AC2C43200AF91DC /* FeedViewController.swift */; };
		51B05CDA2AC2C58C00AF91DC /* ProfileViewController.swift in Sources */ = {isa = PBXBuildFile; fileRef = 51B05CD92AC2C58C00AF91DC /* ProfileViewController.swift */; };
		51B0CBA62B3DE1A800CD01E8 /* PasswordGenerator.swift in Sources */ = {isa = PBXBuildFile; fileRef = 51B0CBA52B3DE1A800CD01E8 /* PasswordGenerator.swift */; };
		51B0CBAA2B3DE72D00CD01E8 /* BruteForce.swift in Sources */ = {isa = PBXBuildFile; fileRef = 51B0CBA92B3DE72D00CD01E8 /* BruteForce.swift */; };
		51CBEF2C2B55A64A005C20FE /* NetworkError.swift in Sources */ = {isa = PBXBuildFile; fileRef = 51CBEF2B2B55A64A005C20FE /* NetworkError.swift */; };
		51CBEF2E2B55AC68005C20FE /* PlanetsJSONModel.swift in Sources */ = {isa = PBXBuildFile; fileRef = 51CBEF2D2B55AC68005C20FE /* PlanetsJSONModel.swift */; };
		51CEEC632ADAED760036F2B2 /* LogInViewController.swift in Sources */ = {isa = PBXBuildFile; fileRef = 51CEEC622ADAED760036F2B2 /* LogInViewController.swift */; };
		51DADB8E2B13A3350027C3EA /* User.swift in Sources */ = {isa = PBXBuildFile; fileRef = 51DADB8D2B13A3350027C3EA /* User.swift */; };
		51DD2B932AED023A004A7D1A /* PhotoModel.swift in Sources */ = {isa = PBXBuildFile; fileRef = 51DD2B922AED023A004A7D1A /* PhotoModel.swift */; };
		51E19BF02B543AD7005538A6 /* UserJSONModel.swift in Sources */ = {isa = PBXBuildFile; fileRef = 51E19BEF2B543AD7005538A6 /* UserJSONModel.swift */; };
		51E19BF22B543D69005538A6 /* AppConfiguration.swift in Sources */ = {isa = PBXBuildFile; fileRef = 51E19BF12B543D69005538A6 /* AppConfiguration.swift */; };
		51E19BF42B544B08005538A6 /* SerializationData.swift in Sources */ = {isa = PBXBuildFile; fileRef = 51E19BF32B544B08005538A6 /* SerializationData.swift */; };
		51E8743E2B65516B00CFC818 /* FirebaseAuth in Frameworks */ = {isa = PBXBuildFile; productRef = 51E8743D2B65516B00CFC818 /* FirebaseAuth */; };
		51E874412B65546E00CFC818 /* CheckerService.swift in Sources */ = {isa = PBXBuildFile; fileRef = 51E874402B65546E00CFC818 /* CheckerService.swift */; };
		51E874432B6560F400CFC818 /* GoogleService-Info.plist in Resources */ = {isa = PBXBuildFile; fileRef = 51E874422B6560F400CFC818 /* GoogleService-Info.plist */; };
/* End PBXBuildFile section */

/* Begin PBXContainerItemProxy section */
		519C27802B0D15C300E1B3AC /* PBXContainerItemProxy */ = {
			isa = PBXContainerItemProxy;
			containerPortal = 51B05CB82AC2BCAF00AF91DC /* Project object */;
			proxyType = 1;
			remoteGlobalIDString = 519C27742B0D15C200E1B3AC;
			remoteInfo = StorageService;
		};
		519C27822B0D15C300E1B3AC /* PBXContainerItemProxy */ = {
			isa = PBXContainerItemProxy;
			containerPortal = 51B05CB82AC2BCAF00AF91DC /* Project object */;
			proxyType = 1;
			remoteGlobalIDString = 51B05CBF2AC2BCAF00AF91DC;
			remoteInfo = "BlinoviOS-39_Navigation_0";
		};
		519C27962B0D161B00E1B3AC /* PBXContainerItemProxy */ = {
			isa = PBXContainerItemProxy;
			containerPortal = 51B05CB82AC2BCAF00AF91DC /* Project object */;
			proxyType = 1;
			remoteGlobalIDString = 519C27742B0D15C200E1B3AC;
			remoteInfo = StorageService;
		};
		519C279A2B0D16A000E1B3AC /* PBXContainerItemProxy */ = {
			isa = PBXContainerItemProxy;
			containerPortal = 51B05CB82AC2BCAF00AF91DC /* Project object */;
			proxyType = 1;
			remoteGlobalIDString = 519C27742B0D15C200E1B3AC;
			remoteInfo = StorageService;
		};
/* End PBXContainerItemProxy section */

/* Begin PBXCopyFilesBuildPhase section */
		519C279C2B0D16A000E1B3AC /* Embed Frameworks */ = {
			isa = PBXCopyFilesBuildPhase;
			buildActionMask = 2147483647;
			dstPath = "";
			dstSubfolderSpec = 10;
			files = (
				519C27992B0D16A000E1B3AC /* StorageService.framework in Embed Frameworks */,
			);
			name = "Embed Frameworks";
			runOnlyForDeploymentPostprocessing = 0;
		};
/* End PBXCopyFilesBuildPhase section */

/* Begin PBXFileReference section */
		5101DB2C2AE03B7F00500802 /* PostTableViewCell.swift */ = {isa = PBXFileReference; lastKnownFileType = sourcecode.swift; path = PostTableViewCell.swift; sourceTree = "<group>"; };
		5116E5A22B8672AF00548C72 /* FavoriteView.swift */ = {isa = PBXFileReference; lastKnownFileType = sourcecode.swift; path = FavoriteView.swift; sourceTree = "<group>"; };
		5116E5A62B87A32000548C72 /* CoreDataService.swift */ = {isa = PBXFileReference; lastKnownFileType = sourcecode.swift; path = CoreDataService.swift; sourceTree = "<group>"; };
		5116E5A82B87B4DC00548C72 /* FavoriteCoordinator.swift */ = {isa = PBXFileReference; lastKnownFileType = sourcecode.swift; path = FavoriteCoordinator.swift; sourceTree = "<group>"; };
		5116E5AA2B87B71800548C72 /* FavoriteCDservice.swift */ = {isa = PBXFileReference; lastKnownFileType = sourcecode.swift; path = FavoriteCDservice.swift; sourceTree = "<group>"; };
		5116E5AD2B8891C600548C72 /* FavoritePostModel.xcdatamodel */ = {isa = PBXFileReference; lastKnownFileType = wrapper.xcdatamodel; path = FavoritePostModel.xcdatamodel; sourceTree = "<group>"; };
		5121B0032B28CDC500E0E849 /* FeedViewModel.swift */ = {isa = PBXFileReference; lastKnownFileType = sourcecode.swift; path = FeedViewModel.swift; sourceTree = "<group>"; };
		5121B0052B28CE0700E0E849 /* FeedVMProtocol.swift */ = {isa = PBXFileReference; lastKnownFileType = sourcecode.swift; path = FeedVMProtocol.swift; sourceTree = "<group>"; };
		5121B0332B2F1D6600E0E849 /* BaseCoordinator.swift */ = {isa = PBXFileReference; lastKnownFileType = sourcecode.swift; path = BaseCoordinator.swift; sourceTree = "<group>"; };
		5121B0352B2F262600E0E849 /* MainCoordinator.swift */ = {isa = PBXFileReference; lastKnownFileType = sourcecode.swift; path = MainCoordinator.swift; sourceTree = "<group>"; };
		5121B0372B2F317E00E0E849 /* FeedCoordinator.swift */ = {isa = PBXFileReference; lastKnownFileType = sourcecode.swift; path = FeedCoordinator.swift; sourceTree = "<group>"; };
		5121B0392B2F3A7100E0E849 /* ProfileCoordinator.swift */ = {isa = PBXFileReference; lastKnownFileType = sourcecode.swift; path = ProfileCoordinator.swift; sourceTree = "<group>"; };
		512220B62AC95D7000CDCD66 /* Post.swift */ = {isa = PBXFileReference; lastKnownFileType = sourcecode.swift; path = Post.swift; sourceTree = "<group>"; };
		512220B82AC95E5E00CDCD66 /* PostViewController.swift */ = {isa = PBXFileReference; lastKnownFileType = sourcecode.swift; path = PostViewController.swift; sourceTree = "<group>"; };
		512220BA2AC96AC400CDCD66 /* InfoViewController.swift */ = {isa = PBXFileReference; lastKnownFileType = sourcecode.swift; path = InfoViewController.swift; sourceTree = "<group>"; };
		512220BD2ACBD32700CDCD66 /* ProfileHeaderView.swift */ = {isa = PBXFileReference; lastKnownFileType = sourcecode.swift; path = ProfileHeaderView.swift; sourceTree = "<group>"; };
		513A742E2B1C7DB000E82279 /* Checker.swift */ = {isa = PBXFileReference; lastKnownFileType = sourcecode.swift; path = Checker.swift; sourceTree = "<group>"; };
		513A74302B1C87FC00E82279 /* LoginInspector.swift */ = {isa = PBXFileReference; lastKnownFileType = sourcecode.swift; path = LoginInspector.swift; sourceTree = "<group>"; };
		513A74322B1C8ED500E82279 /* LoginFactory.swift */ = {isa = PBXFileReference; lastKnownFileType = sourcecode.swift; path = LoginFactory.swift; sourceTree = "<group>"; };
		515390832B4EE29200DC00E2 /* NetworkService.swift */ = {isa = PBXFileReference; lastKnownFileType = sourcecode.swift; path = NetworkService.swift; sourceTree = "<group>"; };
		51654F782B2454A30038D9A6 /* CustomButton.swift */ = {isa = PBXFileReference; lastKnownFileType = sourcecode.swift; path = CustomButton.swift; sourceTree = "<group>"; };
		51654F7B2B2463480038D9A6 /* FeedModel.swift */ = {isa = PBXFileReference; lastKnownFileType = sourcecode.swift; path = FeedModel.swift; sourceTree = "<group>"; };
		516AF8BF2AD5417B00AE1597 /* UIViewExtension.swift */ = {isa = PBXFileReference; lastKnownFileType = sourcecode.swift; path = UIViewExtension.swift; sourceTree = "<group>"; };
		518F344B2AE828F9006EA7E8 /* PhotosTableViewCell.swift */ = {isa = PBXFileReference; lastKnownFileType = sourcecode.swift; path = PhotosTableViewCell.swift; sourceTree = "<group>"; };
		518F344D2AE82A66006EA7E8 /* PhotosViewController.swift */ = {isa = PBXFileReference; lastKnownFileType = sourcecode.swift; path = PhotosViewController.swift; sourceTree = "<group>"; };
		518F344F2AE82ABE006EA7E8 /* PhotosCollectionViewCell.swift */ = {isa = PBXFileReference; lastKnownFileType = sourcecode.swift; path = PhotosCollectionViewCell.swift; sourceTree = "<group>"; };
		519C27752B0D15C200E1B3AC /* StorageService.framework */ = {isa = PBXFileReference; explicitFileType = wrapper.framework; includeInIndex = 0; path = StorageService.framework; sourceTree = BUILT_PRODUCTS_DIR; };
		519C27772B0D15C200E1B3AC /* StorageService.h */ = {isa = PBXFileReference; lastKnownFileType = sourcecode.c.h; path = StorageService.h; sourceTree = "<group>"; };
		519C27782B0D15C200E1B3AC /* StorageService.docc */ = {isa = PBXFileReference; lastKnownFileType = folder.documentationcatalog; path = StorageService.docc; sourceTree = "<group>"; };
		519C277E2B0D15C300E1B3AC /* StorageServiceTests.xctest */ = {isa = PBXFileReference; explicitFileType = wrapper.cfbundle; includeInIndex = 0; path = StorageServiceTests.xctest; sourceTree = BUILT_PRODUCTS_DIR; };
		519C27852B0D15C300E1B3AC /* StorageServiceTests.swift */ = {isa = PBXFileReference; lastKnownFileType = sourcecode.swift; path = StorageServiceTests.swift; sourceTree = "<group>"; };
		51B05CC02AC2BCAF00AF91DC /* BlinoviOS-39_Navigation_0.app */ = {isa = PBXFileReference; explicitFileType = wrapper.application; includeInIndex = 0; path = "BlinoviOS-39_Navigation_0.app"; sourceTree = BUILT_PRODUCTS_DIR; };
		51B05CC32AC2BCAF00AF91DC /* AppDelegate.swift */ = {isa = PBXFileReference; lastKnownFileType = sourcecode.swift; path = AppDelegate.swift; sourceTree = "<group>"; };
		51B05CC52AC2BCAF00AF91DC /* SceneDelegate.swift */ = {isa = PBXFileReference; lastKnownFileType = sourcecode.swift; path = SceneDelegate.swift; sourceTree = "<group>"; };
		51B05CC72AC2BCAF00AF91DC /* ViewController.swift */ = {isa = PBXFileReference; lastKnownFileType = sourcecode.swift; path = ViewController.swift; sourceTree = "<group>"; };
		51B05CCC2AC2BCB000AF91DC /* Assets.xcassets */ = {isa = PBXFileReference; lastKnownFileType = folder.assetcatalog; path = Assets.xcassets; sourceTree = "<group>"; };
		51B05CCF2AC2BCB000AF91DC /* Base */ = {isa = PBXFileReference; lastKnownFileType = file.storyboard; name = Base; path = Base.lproj/LaunchScreen.storyboard; sourceTree = "<group>"; };
		51B05CD12AC2BCB000AF91DC /* Info.plist */ = {isa = PBXFileReference; lastKnownFileType = text.plist.xml; path = Info.plist; sourceTree = "<group>"; };
		51B05CD72AC2C43200AF91DC /* FeedViewController.swift */ = {isa = PBXFileReference; lastKnownFileType = sourcecode.swift; path = FeedViewController.swift; sourceTree = "<group>"; };
		51B05CD92AC2C58C00AF91DC /* ProfileViewController.swift */ = {isa = PBXFileReference; lastKnownFileType = sourcecode.swift; path = ProfileViewController.swift; sourceTree = "<group>"; };
		51B0CBA52B3DE1A800CD01E8 /* PasswordGenerator.swift */ = {isa = PBXFileReference; lastKnownFileType = sourcecode.swift; path = PasswordGenerator.swift; sourceTree = "<group>"; };
		51B0CBA92B3DE72D00CD01E8 /* BruteForce.swift */ = {isa = PBXFileReference; lastKnownFileType = sourcecode.swift; path = BruteForce.swift; sourceTree = "<group>"; };
		51CBEF2B2B55A64A005C20FE /* NetworkError.swift */ = {isa = PBXFileReference; lastKnownFileType = sourcecode.swift; path = NetworkError.swift; sourceTree = "<group>"; };
		51CBEF2D2B55AC68005C20FE /* PlanetsJSONModel.swift */ = {isa = PBXFileReference; lastKnownFileType = sourcecode.swift; path = PlanetsJSONModel.swift; sourceTree = "<group>"; };
		51CEEC622ADAED760036F2B2 /* LogInViewController.swift */ = {isa = PBXFileReference; lastKnownFileType = sourcecode.swift; path = LogInViewController.swift; sourceTree = "<group>"; };
		51DADB8D2B13A3350027C3EA /* User.swift */ = {isa = PBXFileReference; lastKnownFileType = sourcecode.swift; path = User.swift; sourceTree = "<group>"; };
		51DD2B922AED023A004A7D1A /* PhotoModel.swift */ = {isa = PBXFileReference; lastKnownFileType = sourcecode.swift; path = PhotoModel.swift; sourceTree = "<group>"; };
		51E19BEF2B543AD7005538A6 /* UserJSONModel.swift */ = {isa = PBXFileReference; lastKnownFileType = sourcecode.swift; path = UserJSONModel.swift; sourceTree = "<group>"; };
		51E19BF12B543D69005538A6 /* AppConfiguration.swift */ = {isa = PBXFileReference; lastKnownFileType = sourcecode.swift; path = AppConfiguration.swift; sourceTree = "<group>"; };
		51E19BF32B544B08005538A6 /* SerializationData.swift */ = {isa = PBXFileReference; lastKnownFileType = sourcecode.swift; path = SerializationData.swift; sourceTree = "<group>"; };
		51E874402B65546E00CFC818 /* CheckerService.swift */ = {isa = PBXFileReference; lastKnownFileType = sourcecode.swift; path = CheckerService.swift; sourceTree = "<group>"; };
		51E874422B6560F400CFC818 /* GoogleService-Info.plist */ = {isa = PBXFileReference; fileEncoding = 4; lastKnownFileType = text.plist.xml; path = "GoogleService-Info.plist"; sourceTree = "<group>"; };
/* End PBXFileReference section */

/* Begin PBXFrameworksBuildPhase section */
		519C27722B0D15C200E1B3AC /* Frameworks */ = {
			isa = PBXFrameworksBuildPhase;
			buildActionMask = 2147483647;
			files = (
			);
			runOnlyForDeploymentPostprocessing = 0;
		};
		519C277B2B0D15C300E1B3AC /* Frameworks */ = {
			isa = PBXFrameworksBuildPhase;
			buildActionMask = 2147483647;
			files = (
				519C277F2B0D15C300E1B3AC /* StorageService.framework in Frameworks */,
			);
			runOnlyForDeploymentPostprocessing = 0;
		};
		51B05CBD2AC2BCAF00AF91DC /* Frameworks */ = {
			isa = PBXFrameworksBuildPhase;
			buildActionMask = 2147483647;
			files = (
				519C27982B0D16A000E1B3AC /* StorageService.framework in Frameworks */,
				51E8743E2B65516B00CFC818 /* FirebaseAuth in Frameworks */,
				5112B6422B1FA151002A7F1F /* iOSIntPackage in Frameworks */,
			);
			runOnlyForDeploymentPostprocessing = 0;
		};
/* End PBXFrameworksBuildPhase section */

/* Begin PBXGroup section */
		5101DB2B2AE031A300500802 /* PostGroup */ = {
			isa = PBXGroup;
			children = (
				5116E5A12B86728100548C72 /* FavoritePost */,
				512220BA2AC96AC400CDCD66 /* InfoViewController.swift */,
				512220B82AC95E5E00CDCD66 /* PostViewController.swift */,
				5101DB2C2AE03B7F00500802 /* PostTableViewCell.swift */,
			);
			path = PostGroup;
			sourceTree = "<group>";
		};
		5116E5A12B86728100548C72 /* FavoritePost */ = {
			isa = PBXGroup;
			children = (
				5116E5A22B8672AF00548C72 /* FavoriteView.swift */,
			);
			path = FavoritePost;
			sourceTree = "<group>";
		};
		5121B0322B2F1D3500E0E849 /* Coordinator */ = {
			isa = PBXGroup;
			children = (
				5121B0332B2F1D6600E0E849 /* BaseCoordinator.swift */,
				5121B0352B2F262600E0E849 /* MainCoordinator.swift */,
				5121B0372B2F317E00E0E849 /* FeedCoordinator.swift */,
				5121B0392B2F3A7100E0E849 /* ProfileCoordinator.swift */,
				5116E5A82B87B4DC00548C72 /* FavoriteCoordinator.swift */,
			);
			path = Coordinator;
			sourceTree = "<group>";
		};
		512220BC2ACBD2E800CDCD66 /* Profile */ = {
			isa = PBXGroup;
			children = (
				512220BD2ACBD32700CDCD66 /* ProfileHeaderView.swift */,
				51B05CD92AC2C58C00AF91DC /* ProfileViewController.swift */,
				51CEEC622ADAED760036F2B2 /* LogInViewController.swift */,
			);
			path = Profile;
			sourceTree = "<group>";
		};
		515390822B4EE27600DC00E2 /* Service */ = {
			isa = PBXGroup;
			children = (
				51E19BEE2B543A99005538A6 /* JSON model */,
				515390832B4EE29200DC00E2 /* NetworkService.swift */,
				51E19BF12B543D69005538A6 /* AppConfiguration.swift */,
				51E19BF32B544B08005538A6 /* SerializationData.swift */,
				51CBEF2B2B55A64A005C20FE /* NetworkError.swift */,
				5116E5AA2B87B71800548C72 /* FavoriteCDservice.swift */,
				5116E5A62B87A32000548C72 /* CoreDataService.swift */,
			);
			path = Service;
			sourceTree = "<group>";
		};
		51654F772B24544F0038D9A6 /* CustomUIView */ = {
			isa = PBXGroup;
			children = (
				51654F782B2454A30038D9A6 /* CustomButton.swift */,
			);
			path = CustomUIView;
			sourceTree = "<group>";
		};
		51654F7A2B24632B0038D9A6 /* Feed */ = {
			isa = PBXGroup;
			children = (
				51B05CD72AC2C43200AF91DC /* FeedViewController.swift */,
				51654F7B2B2463480038D9A6 /* FeedModel.swift */,
				5121B0032B28CDC500E0E849 /* FeedViewModel.swift */,
				5121B0052B28CE0700E0E849 /* FeedVMProtocol.swift */,
			);
			path = Feed;
			sourceTree = "<group>";
		};
		518F344A2AE828B5006EA7E8 /* Photos */ = {
			isa = PBXGroup;
			children = (
				518F344B2AE828F9006EA7E8 /* PhotosTableViewCell.swift */,
				518F344D2AE82A66006EA7E8 /* PhotosViewController.swift */,
				518F344F2AE82ABE006EA7E8 /* PhotosCollectionViewCell.swift */,
				51DD2B922AED023A004A7D1A /* PhotoModel.swift */,
			);
			path = Photos;
			sourceTree = "<group>";
		};
		519C27762B0D15C200E1B3AC /* StorageService */ = {
			isa = PBXGroup;
			children = (
				512220B62AC95D7000CDCD66 /* Post.swift */,
				519C27772B0D15C200E1B3AC /* StorageService.h */,
				519C27782B0D15C200E1B3AC /* StorageService.docc */,
			);
			path = StorageService;
			sourceTree = "<group>";
		};
		519C27842B0D15C300E1B3AC /* StorageServiceTests */ = {
			isa = PBXGroup;
			children = (
				519C27852B0D15C300E1B3AC /* StorageServiceTests.swift */,
			);
			path = StorageServiceTests;
			sourceTree = "<group>";
		};
		519C27942B0D161B00E1B3AC /* Frameworks */ = {
			isa = PBXGroup;
			children = (
			);
			name = Frameworks;
			sourceTree = "<group>";
		};
		51B05CB72AC2BCAF00AF91DC = {
			isa = PBXGroup;
			children = (
				51E874422B6560F400CFC818 /* GoogleService-Info.plist */,
				51B05CC22AC2BCAF00AF91DC /* BlinoviOS-39_Navigation_0 */,
				519C27762B0D15C200E1B3AC /* StorageService */,
				519C27842B0D15C300E1B3AC /* StorageServiceTests */,
				51B05CC12AC2BCAF00AF91DC /* Products */,
				519C27942B0D161B00E1B3AC /* Frameworks */,
			);
			sourceTree = "<group>";
		};
		51B05CC12AC2BCAF00AF91DC /* Products */ = {
			isa = PBXGroup;
			children = (
				51B05CC02AC2BCAF00AF91DC /* BlinoviOS-39_Navigation_0.app */,
				519C27752B0D15C200E1B3AC /* StorageService.framework */,
				519C277E2B0D15C300E1B3AC /* StorageServiceTests.xctest */,
			);
			name = Products;
			sourceTree = "<group>";
		};
		51B05CC22AC2BCAF00AF91DC /* BlinoviOS-39_Navigation_0 */ = {
			isa = PBXGroup;
			children = (
				515390822B4EE27600DC00E2 /* Service */,
				5121B0322B2F1D3500E0E849 /* Coordinator */,
				51B05CC52AC2BCAF00AF91DC /* SceneDelegate.swift */,
				51B05CC32AC2BCAF00AF91DC /* AppDelegate.swift */,
				51B05CC72AC2BCAF00AF91DC /* ViewController.swift */,
				51B05CCC2AC2BCB000AF91DC /* Assets.xcassets */,
				51B05CCE2AC2BCB000AF91DC /* LaunchScreen.storyboard */,
				51B05CD12AC2BCB000AF91DC /* Info.plist */,
				51654F7A2B24632B0038D9A6 /* Feed */,
				518F344A2AE828B5006EA7E8 /* Photos */,
				5101DB2B2AE031A300500802 /* PostGroup */,
				512220BC2ACBD2E800CDCD66 /* Profile */,
				516AF8BF2AD5417B00AE1597 /* UIViewExtension.swift */,
				51654F772B24544F0038D9A6 /* CustomUIView */,
				51DADB8C2B13A2EC0027C3EA /* User */,
				5116E5AC2B8891C600548C72 /* FavoritePostModel.xcdatamodeld */,
			);
			path = "BlinoviOS-39_Navigation_0";
			sourceTree = "<group>";
		};
		51DADB8C2B13A2EC0027C3EA /* User */ = {
			isa = PBXGroup;
			children = (
				51E8743F2B65535400CFC818 /* OldAutch */,
				51DADB8D2B13A3350027C3EA /* User.swift */,
				513A74302B1C87FC00E82279 /* LoginInspector.swift */,
				51E874402B65546E00CFC818 /* CheckerService.swift */,
			);
			path = User;
			sourceTree = "<group>";
		};
		51E19BEE2B543A99005538A6 /* JSON model */ = {
			isa = PBXGroup;
			children = (
				51E19BEF2B543AD7005538A6 /* UserJSONModel.swift */,
				51CBEF2D2B55AC68005C20FE /* PlanetsJSONModel.swift */,
			);
			path = "JSON model";
			sourceTree = "<group>";
		};
		51E8743F2B65535400CFC818 /* OldAutch */ = {
			isa = PBXGroup;
			children = (
				51B0CBA92B3DE72D00CD01E8 /* BruteForce.swift */,
				51B0CBA52B3DE1A800CD01E8 /* PasswordGenerator.swift */,
				513A74322B1C8ED500E82279 /* LoginFactory.swift */,
				513A742E2B1C7DB000E82279 /* Checker.swift */,
			);
			path = OldAutch;
			sourceTree = "<group>";
		};
/* End PBXGroup section */

/* Begin PBXHeadersBuildPhase section */
		519C27702B0D15C200E1B3AC /* Headers */ = {
			isa = PBXHeadersBuildPhase;
			buildActionMask = 2147483647;
			files = (
				519C27872B0D15C300E1B3AC /* StorageService.h in Headers */,
			);
			runOnlyForDeploymentPostprocessing = 0;
		};
/* End PBXHeadersBuildPhase section */

/* Begin PBXNativeTarget section */
		519C27742B0D15C200E1B3AC /* StorageService */ = {
			isa = PBXNativeTarget;
			buildConfigurationList = 519C27912B0D15C300E1B3AC /* Build configuration list for PBXNativeTarget "StorageService" */;
			buildPhases = (
				519C27702B0D15C200E1B3AC /* Headers */,
				519C27712B0D15C200E1B3AC /* Sources */,
				519C27722B0D15C200E1B3AC /* Frameworks */,
				519C27732B0D15C200E1B3AC /* Resources */,
			);
			buildRules = (
			);
			dependencies = (
			);
			name = StorageService;
			productName = StorageService;
			productReference = 519C27752B0D15C200E1B3AC /* StorageService.framework */;
			productType = "com.apple.product-type.framework";
		};
		519C277D2B0D15C300E1B3AC /* StorageServiceTests */ = {
			isa = PBXNativeTarget;
			buildConfigurationList = 519C27922B0D15C300E1B3AC /* Build configuration list for PBXNativeTarget "StorageServiceTests" */;
			buildPhases = (
				519C277A2B0D15C300E1B3AC /* Sources */,
				519C277B2B0D15C300E1B3AC /* Frameworks */,
				519C277C2B0D15C300E1B3AC /* Resources */,
			);
			buildRules = (
			);
			dependencies = (
				519C27812B0D15C300E1B3AC /* PBXTargetDependency */,
				519C27832B0D15C300E1B3AC /* PBXTargetDependency */,
			);
			name = StorageServiceTests;
			productName = StorageServiceTests;
			productReference = 519C277E2B0D15C300E1B3AC /* StorageServiceTests.xctest */;
			productType = "com.apple.product-type.bundle.unit-test";
		};
		51B05CBF2AC2BCAF00AF91DC /* BlinoviOS-39_Navigation_0 */ = {
			isa = PBXNativeTarget;
			buildConfigurationList = 51B05CD42AC2BCB000AF91DC /* Build configuration list for PBXNativeTarget "BlinoviOS-39_Navigation_0" */;
			buildPhases = (
				51B05CBC2AC2BCAF00AF91DC /* Sources */,
				51B05CBD2AC2BCAF00AF91DC /* Frameworks */,
				51B05CBE2AC2BCAF00AF91DC /* Resources */,
				519C279C2B0D16A000E1B3AC /* Embed Frameworks */,
			);
			buildRules = (
			);
			dependencies = (
				519C27972B0D161B00E1B3AC /* PBXTargetDependency */,
				519C279B2B0D16A000E1B3AC /* PBXTargetDependency */,
			);
			name = "BlinoviOS-39_Navigation_0";
			packageProductDependencies = (
				5112B6412B1FA151002A7F1F /* iOSIntPackage */,
				51E8743D2B65516B00CFC818 /* FirebaseAuth */,
			);
			productName = "BlinoviOS-39_Navigation_0";
			productReference = 51B05CC02AC2BCAF00AF91DC /* BlinoviOS-39_Navigation_0.app */;
			productType = "com.apple.product-type.application";
		};
/* End PBXNativeTarget section */

/* Begin PBXProject section */
		51B05CB82AC2BCAF00AF91DC /* Project object */ = {
			isa = PBXProject;
			attributes = {
				BuildIndependentTargetsInParallel = 1;
				LastSwiftUpdateCheck = 1500;
				LastUpgradeCheck = 1500;
				TargetAttributes = {
					519C27742B0D15C200E1B3AC = {
						CreatedOnToolsVersion = 15.0;
					};
					519C277D2B0D15C300E1B3AC = {
						CreatedOnToolsVersion = 15.0;
						TestTargetID = 51B05CBF2AC2BCAF00AF91DC;
					};
					51B05CBF2AC2BCAF00AF91DC = {
						CreatedOnToolsVersion = 14.2;
					};
				};
			};
			buildConfigurationList = 51B05CBB2AC2BCAF00AF91DC /* Build configuration list for PBXProject "BlinoviOS-39_Navigation_0" */;
			compatibilityVersion = "Xcode 14.0";
			developmentRegion = en;
			hasScannedForEncodings = 0;
			knownRegions = (
				en,
				Base,
			);
			mainGroup = 51B05CB72AC2BCAF00AF91DC;
			packageReferences = (
				5112B6402B1FA150002A7F1F /* XCRemoteSwiftPackageReference "iOSIntPackage" */,
				51E8743C2B65516B00CFC818 /* XCRemoteSwiftPackageReference "firebase-ios-sdk" */,
			);
			productRefGroup = 51B05CC12AC2BCAF00AF91DC /* Products */;
			projectDirPath = "";
			projectRoot = "";
			targets = (
				51B05CBF2AC2BCAF00AF91DC /* BlinoviOS-39_Navigation_0 */,
				519C27742B0D15C200E1B3AC /* StorageService */,
				519C277D2B0D15C300E1B3AC /* StorageServiceTests */,
			);
		};
/* End PBXProject section */

/* Begin PBXResourcesBuildPhase section */
		519C27732B0D15C200E1B3AC /* Resources */ = {
			isa = PBXResourcesBuildPhase;
			buildActionMask = 2147483647;
			files = (
			);
			runOnlyForDeploymentPostprocessing = 0;
		};
		519C277C2B0D15C300E1B3AC /* Resources */ = {
			isa = PBXResourcesBuildPhase;
			buildActionMask = 2147483647;
			files = (
			);
			runOnlyForDeploymentPostprocessing = 0;
		};
		51B05CBE2AC2BCAF00AF91DC /* Resources */ = {
			isa = PBXResourcesBuildPhase;
			buildActionMask = 2147483647;
			files = (
				51B05CD02AC2BCB000AF91DC /* LaunchScreen.storyboard in Resources */,
				51B05CCD2AC2BCB000AF91DC /* Assets.xcassets in Resources */,
				51E874432B6560F400CFC818 /* GoogleService-Info.plist in Resources */,
			);
			runOnlyForDeploymentPostprocessing = 0;
		};
/* End PBXResourcesBuildPhase section */

/* Begin PBXSourcesBuildPhase section */
		519C27712B0D15C200E1B3AC /* Sources */ = {
			isa = PBXSourcesBuildPhase;
			buildActionMask = 2147483647;
			files = (
				519C27792B0D15C300E1B3AC /* StorageService.docc in Sources */,
				519C27932B0D15D400E1B3AC /* Post.swift in Sources */,
			);
			runOnlyForDeploymentPostprocessing = 0;
		};
		519C277A2B0D15C300E1B3AC /* Sources */ = {
			isa = PBXSourcesBuildPhase;
			buildActionMask = 2147483647;
			files = (
				519C27862B0D15C300E1B3AC /* StorageServiceTests.swift in Sources */,
			);
			runOnlyForDeploymentPostprocessing = 0;
		};
		51B05CBC2AC2BCAF00AF91DC /* Sources */ = {
			isa = PBXSourcesBuildPhase;
			buildActionMask = 2147483647;
			files = (
				516AF8C02AD5417B00AE1597 /* UIViewExtension.swift in Sources */,
				51B05CC82AC2BCAF00AF91DC /* ViewController.swift in Sources */,
				51CEEC632ADAED760036F2B2 /* LogInViewController.swift in Sources */,
				51B05CC42AC2BCAF00AF91DC /* AppDelegate.swift in Sources */,
				5121B0062B28CE0700E0E849 /* FeedVMProtocol.swift in Sources */,
				51654F7C2B2463480038D9A6 /* FeedModel.swift in Sources */,
				51654F792B2454A30038D9A6 /* CustomButton.swift in Sources */,
				5121B0342B2F1D6600E0E849 /* BaseCoordinator.swift in Sources */,
				5116E5A92B87B4DC00548C72 /* FavoriteCoordinator.swift in Sources */,
				51B0CBAA2B3DE72D00CD01E8 /* BruteForce.swift in Sources */,
				51DADB8E2B13A3350027C3EA /* User.swift in Sources */,
				51E19BF22B543D69005538A6 /* AppConfiguration.swift in Sources */,
				515390842B4EE29200DC00E2 /* NetworkService.swift in Sources */,
				512220B92AC95E5E00CDCD66 /* PostViewController.swift in Sources */,
				51E874412B65546E00CFC818 /* CheckerService.swift in Sources */,
				51CBEF2E2B55AC68005C20FE /* PlanetsJSONModel.swift in Sources */,
				51B05CDA2AC2C58C00AF91DC /* ProfileViewController.swift in Sources */,
				51DD2B932AED023A004A7D1A /* PhotoModel.swift in Sources */,
				513A742F2B1C7DB000E82279 /* Checker.swift in Sources */,
				5121B0362B2F262600E0E849 /* MainCoordinator.swift in Sources */,
				51CBEF2C2B55A64A005C20FE /* NetworkError.swift in Sources */,
				513A74312B1C87FC00E82279 /* LoginInspector.swift in Sources */,
				512220BE2ACBD32700CDCD66 /* ProfileHeaderView.swift in Sources */,
				5121B03A2B2F3A7100E0E849 /* ProfileCoordinator.swift in Sources */,
				51B05CD82AC2C43200AF91DC /* FeedViewController.swift in Sources */,
				518F344C2AE828F9006EA7E8 /* PhotosTableViewCell.swift in Sources */,
				51E19BF42B544B08005538A6 /* SerializationData.swift in Sources */,
				512220BB2AC96AC400CDCD66 /* InfoViewController.swift in Sources */,
				51B0CBA62B3DE1A800CD01E8 /* PasswordGenerator.swift in Sources */,
				5121B0042B28CDC500E0E849 /* FeedViewModel.swift in Sources */,
				518F34502AE82ABE006EA7E8 /* PhotosCollectionViewCell.swift in Sources */,
				518F344E2AE82A66006EA7E8 /* PhotosViewController.swift in Sources */,
				5116E5A72B87A32000548C72 /* CoreDataService.swift in Sources */,
				51E19BF02B543AD7005538A6 /* UserJSONModel.swift in Sources */,
				5121B0382B2F317E00E0E849 /* FeedCoordinator.swift in Sources */,
				5116E5A32B8672AF00548C72 /* FavoriteView.swift in Sources */,
				51B05CC62AC2BCAF00AF91DC /* SceneDelegate.swift in Sources */,
				513A74332B1C8ED500E82279 /* LoginFactory.swift in Sources */,
				5101DB2D2AE03B7F00500802 /* PostTableViewCell.swift in Sources */,
				5116E5AB2B87B71800548C72 /* FavoriteCDservice.swift in Sources */,
				5116E5AE2B8891C600548C72 /* FavoritePostModel.xcdatamodeld in Sources */,
			);
			runOnlyForDeploymentPostprocessing = 0;
		};
/* End PBXSourcesBuildPhase section */

/* Begin PBXTargetDependency section */
		519C27812B0D15C300E1B3AC /* PBXTargetDependency */ = {
			isa = PBXTargetDependency;
			target = 519C27742B0D15C200E1B3AC /* StorageService */;
			targetProxy = 519C27802B0D15C300E1B3AC /* PBXContainerItemProxy */;
		};
		519C27832B0D15C300E1B3AC /* PBXTargetDependency */ = {
			isa = PBXTargetDependency;
			target = 51B05CBF2AC2BCAF00AF91DC /* BlinoviOS-39_Navigation_0 */;
			targetProxy = 519C27822B0D15C300E1B3AC /* PBXContainerItemProxy */;
		};
		519C27972B0D161B00E1B3AC /* PBXTargetDependency */ = {
			isa = PBXTargetDependency;
			target = 519C27742B0D15C200E1B3AC /* StorageService */;
			targetProxy = 519C27962B0D161B00E1B3AC /* PBXContainerItemProxy */;
		};
		519C279B2B0D16A000E1B3AC /* PBXTargetDependency */ = {
			isa = PBXTargetDependency;
			target = 519C27742B0D15C200E1B3AC /* StorageService */;
			targetProxy = 519C279A2B0D16A000E1B3AC /* PBXContainerItemProxy */;
		};
/* End PBXTargetDependency section */

/* Begin PBXVariantGroup section */
		51B05CCE2AC2BCB000AF91DC /* LaunchScreen.storyboard */ = {
			isa = PBXVariantGroup;
			children = (
				51B05CCF2AC2BCB000AF91DC /* Base */,
			);
			name = LaunchScreen.storyboard;
			sourceTree = "<group>";
		};
/* End PBXVariantGroup section */

/* Begin XCBuildConfiguration section */
		519C278D2B0D15C300E1B3AC /* Debug */ = {
			isa = XCBuildConfiguration;
			buildSettings = {
				ASSETCATALOG_COMPILER_GENERATE_SWIFT_ASSET_SYMBOL_EXTENSIONS = YES;
				CODE_SIGN_STYLE = Automatic;
				CURRENT_PROJECT_VERSION = 1;
				DEFINES_MODULE = YES;
				DEVELOPMENT_TEAM = L24ACGSC43;
				DYLIB_COMPATIBILITY_VERSION = 1;
				DYLIB_CURRENT_VERSION = 1;
				DYLIB_INSTALL_NAME_BASE = "@rpath";
				ENABLE_MODULE_VERIFIER = YES;
				GCC_C_LANGUAGE_STANDARD = gnu17;
				GENERATE_INFOPLIST_FILE = YES;
				INFOPLIST_KEY_NSHumanReadableCopyright = "";
				INSTALL_PATH = "$(LOCAL_LIBRARY_DIR)/Frameworks";
				IPHONEOS_DEPLOYMENT_TARGET = 16.0;
				LD_RUNPATH_SEARCH_PATHS = (
					"$(inherited)",
					"@executable_path/Frameworks",
					"@loader_path/Frameworks",
				);
				LOCALIZATION_PREFERS_STRING_CATALOGS = YES;
				MARKETING_VERSION = 1.0;
				MODULE_VERIFIER_SUPPORTED_LANGUAGES = "objective-c objective-c++";
				MODULE_VERIFIER_SUPPORTED_LANGUAGE_STANDARDS = "gnu17 gnu++20";
				PRODUCT_BUNDLE_IDENTIFIER = ecorp.red.StorageService;
				PRODUCT_NAME = "$(TARGET_NAME:c99extidentifier)";
				SKIP_INSTALL = YES;
				SWIFT_ACTIVE_COMPILATION_CONDITIONS = "DEBUG $(inherited)";
				SWIFT_EMIT_LOC_STRINGS = YES;
				SWIFT_VERSION = 5.0;
				TARGETED_DEVICE_FAMILY = "1,2";
				VERSIONING_SYSTEM = "apple-generic";
				VERSION_INFO_PREFIX = "";
			};
			name = Debug;
		};
		519C278E2B0D15C300E1B3AC /* Release */ = {
			isa = XCBuildConfiguration;
			buildSettings = {
				ASSETCATALOG_COMPILER_GENERATE_SWIFT_ASSET_SYMBOL_EXTENSIONS = YES;
				CODE_SIGN_STYLE = Automatic;
				CURRENT_PROJECT_VERSION = 1;
				DEFINES_MODULE = YES;
				DEVELOPMENT_TEAM = L24ACGSC43;
				DYLIB_COMPATIBILITY_VERSION = 1;
				DYLIB_CURRENT_VERSION = 1;
				DYLIB_INSTALL_NAME_BASE = "@rpath";
				ENABLE_MODULE_VERIFIER = YES;
				GCC_C_LANGUAGE_STANDARD = gnu17;
				GENERATE_INFOPLIST_FILE = YES;
				INFOPLIST_KEY_NSHumanReadableCopyright = "";
				INSTALL_PATH = "$(LOCAL_LIBRARY_DIR)/Frameworks";
				IPHONEOS_DEPLOYMENT_TARGET = 16.0;
				LD_RUNPATH_SEARCH_PATHS = (
					"$(inherited)",
					"@executable_path/Frameworks",
					"@loader_path/Frameworks",
				);
				LOCALIZATION_PREFERS_STRING_CATALOGS = YES;
				MARKETING_VERSION = 1.0;
				MODULE_VERIFIER_SUPPORTED_LANGUAGES = "objective-c objective-c++";
				MODULE_VERIFIER_SUPPORTED_LANGUAGE_STANDARDS = "gnu17 gnu++20";
				PRODUCT_BUNDLE_IDENTIFIER = ecorp.red.StorageService;
				PRODUCT_NAME = "$(TARGET_NAME:c99extidentifier)";
				SKIP_INSTALL = YES;
				SWIFT_EMIT_LOC_STRINGS = YES;
				SWIFT_VERSION = 5.0;
				TARGETED_DEVICE_FAMILY = "1,2";
				VERSIONING_SYSTEM = "apple-generic";
				VERSION_INFO_PREFIX = "";
			};
			name = Release;
		};
		519C278F2B0D15C300E1B3AC /* Debug */ = {
			isa = XCBuildConfiguration;
			buildSettings = {
				ALWAYS_EMBED_SWIFT_STANDARD_LIBRARIES = YES;
				ASSETCATALOG_COMPILER_GENERATE_SWIFT_ASSET_SYMBOL_EXTENSIONS = YES;
				CODE_SIGN_STYLE = Automatic;
				CURRENT_PROJECT_VERSION = 1;
				DEVELOPMENT_TEAM = L24ACGSC43;
				GCC_C_LANGUAGE_STANDARD = gnu17;
				GENERATE_INFOPLIST_FILE = YES;
				IPHONEOS_DEPLOYMENT_TARGET = 16.0;
				LOCALIZATION_PREFERS_STRING_CATALOGS = YES;
				MARKETING_VERSION = 1.0;
				PRODUCT_BUNDLE_IDENTIFIER = ecorp.red.StorageServiceTests;
				PRODUCT_NAME = "$(TARGET_NAME)";
				SWIFT_ACTIVE_COMPILATION_CONDITIONS = "DEBUG $(inherited)";
				SWIFT_EMIT_LOC_STRINGS = NO;
				SWIFT_VERSION = 5.0;
				TARGETED_DEVICE_FAMILY = "1,2";
				TEST_HOST = "$(BUILT_PRODUCTS_DIR)/BlinoviOS-39_Navigation_0.app/$(BUNDLE_EXECUTABLE_FOLDER_PATH)/BlinoviOS-39_Navigation_0";
			};
			name = Debug;
		};
		519C27902B0D15C300E1B3AC /* Release */ = {
			isa = XCBuildConfiguration;
			buildSettings = {
				ALWAYS_EMBED_SWIFT_STANDARD_LIBRARIES = YES;
				ASSETCATALOG_COMPILER_GENERATE_SWIFT_ASSET_SYMBOL_EXTENSIONS = YES;
				CODE_SIGN_STYLE = Automatic;
				CURRENT_PROJECT_VERSION = 1;
				DEVELOPMENT_TEAM = L24ACGSC43;
				GCC_C_LANGUAGE_STANDARD = gnu17;
				GENERATE_INFOPLIST_FILE = YES;
				IPHONEOS_DEPLOYMENT_TARGET = 16.0;
				LOCALIZATION_PREFERS_STRING_CATALOGS = YES;
				MARKETING_VERSION = 1.0;
				PRODUCT_BUNDLE_IDENTIFIER = ecorp.red.StorageServiceTests;
				PRODUCT_NAME = "$(TARGET_NAME)";
				SWIFT_EMIT_LOC_STRINGS = NO;
				SWIFT_VERSION = 5.0;
				TARGETED_DEVICE_FAMILY = "1,2";
				TEST_HOST = "$(BUILT_PRODUCTS_DIR)/BlinoviOS-39_Navigation_0.app/$(BUNDLE_EXECUTABLE_FOLDER_PATH)/BlinoviOS-39_Navigation_0";
			};
			name = Release;
		};
		51B05CD22AC2BCB000AF91DC /* Debug */ = {
			isa = XCBuildConfiguration;
			buildSettings = {
				ALWAYS_SEARCH_USER_PATHS = NO;
				CLANG_ANALYZER_NONNULL = YES;
				CLANG_ANALYZER_NUMBER_OBJECT_CONVERSION = YES_AGGRESSIVE;
				CLANG_CXX_LANGUAGE_STANDARD = "gnu++20";
				CLANG_ENABLE_MODULES = YES;
				CLANG_ENABLE_OBJC_ARC = YES;
				CLANG_ENABLE_OBJC_WEAK = YES;
				CLANG_WARN_BLOCK_CAPTURE_AUTORELEASING = YES;
				CLANG_WARN_BOOL_CONVERSION = YES;
				CLANG_WARN_COMMA = YES;
				CLANG_WARN_CONSTANT_CONVERSION = YES;
				CLANG_WARN_DEPRECATED_OBJC_IMPLEMENTATIONS = YES;
				CLANG_WARN_DIRECT_OBJC_ISA_USAGE = YES_ERROR;
				CLANG_WARN_DOCUMENTATION_COMMENTS = YES;
				CLANG_WARN_EMPTY_BODY = YES;
				CLANG_WARN_ENUM_CONVERSION = YES;
				CLANG_WARN_INFINITE_RECURSION = YES;
				CLANG_WARN_INT_CONVERSION = YES;
				CLANG_WARN_NON_LITERAL_NULL_CONVERSION = YES;
				CLANG_WARN_OBJC_IMPLICIT_RETAIN_SELF = YES;
				CLANG_WARN_OBJC_LITERAL_CONVERSION = YES;
				CLANG_WARN_OBJC_ROOT_CLASS = YES_ERROR;
				CLANG_WARN_QUOTED_INCLUDE_IN_FRAMEWORK_HEADER = YES;
				CLANG_WARN_RANGE_LOOP_ANALYSIS = YES;
				CLANG_WARN_STRICT_PROTOTYPES = YES;
				CLANG_WARN_SUSPICIOUS_MOVE = YES;
				CLANG_WARN_UNGUARDED_AVAILABILITY = YES_AGGRESSIVE;
				CLANG_WARN_UNREACHABLE_CODE = YES;
				CLANG_WARN__DUPLICATE_METHOD_MATCH = YES;
				COPY_PHASE_STRIP = NO;
				DEBUG_INFORMATION_FORMAT = dwarf;
				ENABLE_STRICT_OBJC_MSGSEND = YES;
				ENABLE_TESTABILITY = YES;
				ENABLE_USER_SCRIPT_SANDBOXING = YES;
				GCC_C_LANGUAGE_STANDARD = gnu11;
				GCC_DYNAMIC_NO_PIC = NO;
				GCC_NO_COMMON_BLOCKS = YES;
				GCC_OPTIMIZATION_LEVEL = 0;
				GCC_PREPROCESSOR_DEFINITIONS = (
					"DEBUG=1",
					"$(inherited)",
				);
				GCC_WARN_64_TO_32_BIT_CONVERSION = YES;
				GCC_WARN_ABOUT_RETURN_TYPE = YES_ERROR;
				GCC_WARN_UNDECLARED_SELECTOR = YES;
				GCC_WARN_UNINITIALIZED_AUTOS = YES_AGGRESSIVE;
				GCC_WARN_UNUSED_FUNCTION = YES;
				GCC_WARN_UNUSED_VARIABLE = YES;
				IPHONEOS_DEPLOYMENT_TARGET = 16.2;
				MTL_ENABLE_DEBUG_INFO = INCLUDE_SOURCE;
				MTL_FAST_MATH = YES;
				ONLY_ACTIVE_ARCH = YES;
				SDKROOT = iphoneos;
				SWIFT_ACTIVE_COMPILATION_CONDITIONS = DEBUG;
				SWIFT_OPTIMIZATION_LEVEL = "-Onone";
			};
			name = Debug;
		};
		51B05CD32AC2BCB000AF91DC /* Release */ = {
			isa = XCBuildConfiguration;
			buildSettings = {
				ALWAYS_SEARCH_USER_PATHS = NO;
				CLANG_ANALYZER_NONNULL = YES;
				CLANG_ANALYZER_NUMBER_OBJECT_CONVERSION = YES_AGGRESSIVE;
				CLANG_CXX_LANGUAGE_STANDARD = "gnu++20";
				CLANG_ENABLE_MODULES = YES;
				CLANG_ENABLE_OBJC_ARC = YES;
				CLANG_ENABLE_OBJC_WEAK = YES;
				CLANG_WARN_BLOCK_CAPTURE_AUTORELEASING = YES;
				CLANG_WARN_BOOL_CONVERSION = YES;
				CLANG_WARN_COMMA = YES;
				CLANG_WARN_CONSTANT_CONVERSION = YES;
				CLANG_WARN_DEPRECATED_OBJC_IMPLEMENTATIONS = YES;
				CLANG_WARN_DIRECT_OBJC_ISA_USAGE = YES_ERROR;
				CLANG_WARN_DOCUMENTATION_COMMENTS = YES;
				CLANG_WARN_EMPTY_BODY = YES;
				CLANG_WARN_ENUM_CONVERSION = YES;
				CLANG_WARN_INFINITE_RECURSION = YES;
				CLANG_WARN_INT_CONVERSION = YES;
				CLANG_WARN_NON_LITERAL_NULL_CONVERSION = YES;
				CLANG_WARN_OBJC_IMPLICIT_RETAIN_SELF = YES;
				CLANG_WARN_OBJC_LITERAL_CONVERSION = YES;
				CLANG_WARN_OBJC_ROOT_CLASS = YES_ERROR;
				CLANG_WARN_QUOTED_INCLUDE_IN_FRAMEWORK_HEADER = YES;
				CLANG_WARN_RANGE_LOOP_ANALYSIS = YES;
				CLANG_WARN_STRICT_PROTOTYPES = YES;
				CLANG_WARN_SUSPICIOUS_MOVE = YES;
				CLANG_WARN_UNGUARDED_AVAILABILITY = YES_AGGRESSIVE;
				CLANG_WARN_UNREACHABLE_CODE = YES;
				CLANG_WARN__DUPLICATE_METHOD_MATCH = YES;
				COPY_PHASE_STRIP = NO;
				DEBUG_INFORMATION_FORMAT = "dwarf-with-dsym";
				ENABLE_NS_ASSERTIONS = NO;
				ENABLE_STRICT_OBJC_MSGSEND = YES;
				ENABLE_USER_SCRIPT_SANDBOXING = YES;
				GCC_C_LANGUAGE_STANDARD = gnu11;
				GCC_NO_COMMON_BLOCKS = YES;
				GCC_WARN_64_TO_32_BIT_CONVERSION = YES;
				GCC_WARN_ABOUT_RETURN_TYPE = YES_ERROR;
				GCC_WARN_UNDECLARED_SELECTOR = YES;
				GCC_WARN_UNINITIALIZED_AUTOS = YES_AGGRESSIVE;
				GCC_WARN_UNUSED_FUNCTION = YES;
				GCC_WARN_UNUSED_VARIABLE = YES;
				IPHONEOS_DEPLOYMENT_TARGET = 16.2;
				MTL_ENABLE_DEBUG_INFO = NO;
				MTL_FAST_MATH = YES;
				SDKROOT = iphoneos;
				SWIFT_COMPILATION_MODE = wholemodule;
				SWIFT_OPTIMIZATION_LEVEL = "-O";
				VALIDATE_PRODUCT = YES;
			};
			name = Release;
		};
		51B05CD52AC2BCB000AF91DC /* Debug */ = {
			isa = XCBuildConfiguration;
			buildSettings = {
				ASSETCATALOG_COMPILER_APPICON_NAME = AppIcon;
				ASSETCATALOG_COMPILER_GLOBAL_ACCENT_COLOR_NAME = AccentColor;
				CODE_SIGN_STYLE = Automatic;
				CURRENT_PROJECT_VERSION = 1;
				DEVELOPMENT_TEAM = L24ACGSC43;
				GENERATE_INFOPLIST_FILE = YES;
				INFOPLIST_FILE = "BlinoviOS-39_Navigation_0/Info.plist";
				INFOPLIST_KEY_UIApplicationSupportsIndirectInputEvents = YES;
				INFOPLIST_KEY_UILaunchStoryboardName = LaunchScreen;
				INFOPLIST_KEY_UISupportedInterfaceOrientations_iPad = "UIInterfaceOrientationPortrait UIInterfaceOrientationPortraitUpsideDown UIInterfaceOrientationLandscapeLeft UIInterfaceOrientationLandscapeRight";
				INFOPLIST_KEY_UISupportedInterfaceOrientations_iPhone = "UIInterfaceOrientationPortrait UIInterfaceOrientationLandscapeLeft UIInterfaceOrientationLandscapeRight";
				IPHONEOS_DEPLOYMENT_TARGET = 16.2;
				LD_RUNPATH_SEARCH_PATHS = (
					"$(inherited)",
					"@executable_path/Frameworks",
				);
				MARKETING_VERSION = 1.0;
				PRODUCT_BUNDLE_IDENTIFIER = "ecorp.red.BlinoviOS-39-Navigation-0";
				PRODUCT_NAME = "$(TARGET_NAME)";
				SWIFT_EMIT_LOC_STRINGS = YES;
				SWIFT_VERSION = 5.0;
				TARGETED_DEVICE_FAMILY = "1,2";
			};
			name = Debug;
		};
		51B05CD62AC2BCB000AF91DC /* Release */ = {
			isa = XCBuildConfiguration;
			buildSettings = {
				ASSETCATALOG_COMPILER_APPICON_NAME = AppIcon;
				ASSETCATALOG_COMPILER_GLOBAL_ACCENT_COLOR_NAME = AccentColor;
				CODE_SIGN_STYLE = Automatic;
				CURRENT_PROJECT_VERSION = 1;
				DEVELOPMENT_TEAM = L24ACGSC43;
				GENERATE_INFOPLIST_FILE = YES;
				INFOPLIST_FILE = "BlinoviOS-39_Navigation_0/Info.plist";
				INFOPLIST_KEY_UIApplicationSupportsIndirectInputEvents = YES;
				INFOPLIST_KEY_UILaunchStoryboardName = LaunchScreen;
				INFOPLIST_KEY_UISupportedInterfaceOrientations_iPad = "UIInterfaceOrientationPortrait UIInterfaceOrientationPortraitUpsideDown UIInterfaceOrientationLandscapeLeft UIInterfaceOrientationLandscapeRight";
				INFOPLIST_KEY_UISupportedInterfaceOrientations_iPhone = "UIInterfaceOrientationPortrait UIInterfaceOrientationLandscapeLeft UIInterfaceOrientationLandscapeRight";
				IPHONEOS_DEPLOYMENT_TARGET = 16.2;
				LD_RUNPATH_SEARCH_PATHS = (
					"$(inherited)",
					"@executable_path/Frameworks",
				);
				MARKETING_VERSION = 1.0;
				PRODUCT_BUNDLE_IDENTIFIER = "ecorp.red.BlinoviOS-39-Navigation-0";
				PRODUCT_NAME = "$(TARGET_NAME)";
				SWIFT_EMIT_LOC_STRINGS = YES;
				SWIFT_VERSION = 5.0;
				TARGETED_DEVICE_FAMILY = "1,2";
			};
			name = Release;
		};
/* End XCBuildConfiguration section */

/* Begin XCConfigurationList section */
		519C27912B0D15C300E1B3AC /* Build configuration list for PBXNativeTarget "StorageService" */ = {
			isa = XCConfigurationList;
			buildConfigurations = (
				519C278D2B0D15C300E1B3AC /* Debug */,
				519C278E2B0D15C300E1B3AC /* Release */,
			);
			defaultConfigurationIsVisible = 0;
			defaultConfigurationName = Release;
		};
		519C27922B0D15C300E1B3AC /* Build configuration list for PBXNativeTarget "StorageServiceTests" */ = {
			isa = XCConfigurationList;
			buildConfigurations = (
				519C278F2B0D15C300E1B3AC /* Debug */,
				519C27902B0D15C300E1B3AC /* Release */,
			);
			defaultConfigurationIsVisible = 0;
			defaultConfigurationName = Release;
		};
		51B05CBB2AC2BCAF00AF91DC /* Build configuration list for PBXProject "BlinoviOS-39_Navigation_0" */ = {
			isa = XCConfigurationList;
			buildConfigurations = (
				51B05CD22AC2BCB000AF91DC /* Debug */,
				51B05CD32AC2BCB000AF91DC /* Release */,
			);
			defaultConfigurationIsVisible = 0;
			defaultConfigurationName = Release;
		};
		51B05CD42AC2BCB000AF91DC /* Build configuration list for PBXNativeTarget "BlinoviOS-39_Navigation_0" */ = {
			isa = XCConfigurationList;
			buildConfigurations = (
				51B05CD52AC2BCB000AF91DC /* Debug */,
				51B05CD62AC2BCB000AF91DC /* Release */,
			);
			defaultConfigurationIsVisible = 0;
			defaultConfigurationName = Release;
		};
/* End XCConfigurationList section */

/* Begin XCRemoteSwiftPackageReference section */
		5112B6402B1FA150002A7F1F /* XCRemoteSwiftPackageReference "iOSIntPackage" */ = {
			isa = XCRemoteSwiftPackageReference;
			repositoryURL = "https://github.com/TrueMax/iOSIntPackage";
			requirement = {
				kind = revision;
				revision = e1cc0e1b76d7cb8f770d903d85ae9ed91ae026bd;
			};
		};
		51E8743C2B65516B00CFC818 /* XCRemoteSwiftPackageReference "firebase-ios-sdk" */ = {
			isa = XCRemoteSwiftPackageReference;
			repositoryURL = "https://github.com/firebase/firebase-ios-sdk";
			requirement = {
				kind = upToNextMajorVersion;
				minimumVersion = 10.20.0;
			};
		};
/* End XCRemoteSwiftPackageReference section */

/* Begin XCSwiftPackageProductDependency section */
		5112B6412B1FA151002A7F1F /* iOSIntPackage */ = {
			isa = XCSwiftPackageProductDependency;
			package = 5112B6402B1FA150002A7F1F /* XCRemoteSwiftPackageReference "iOSIntPackage" */;
			productName = iOSIntPackage;
		};
		51E8743D2B65516B00CFC818 /* FirebaseAuth */ = {
			isa = XCSwiftPackageProductDependency;
			package = 51E8743C2B65516B00CFC818 /* XCRemoteSwiftPackageReference "firebase-ios-sdk" */;
			productName = FirebaseAuth;
		};
/* End XCSwiftPackageProductDependency section */

/* Begin XCVersionGroup section */
		5116E5AC2B8891C600548C72 /* FavoritePostModel.xcdatamodeld */ = {
			isa = XCVersionGroup;
			children = (
				5116E5AD2B8891C600548C72 /* FavoritePostModel.xcdatamodel */,
			);
			currentVersion = 5116E5AD2B8891C600548C72 /* FavoritePostModel.xcdatamodel */;
			path = FavoritePostModel.xcdatamodeld;
			sourceTree = "<group>";
			versionGroupType = wrapper.xcdatamodel;
		};
/* End XCVersionGroup section */
	};
	rootObject = 51B05CB82AC2BCAF00AF91DC /* Project object */;
}
